{
  "originHash" : "734df64072f90598bcf3c022de57cd8ccf83e96a37bb07caeefba1ac30fa2d56",
  "pins" : [
    {
      "identity" : "logpipe",
      "kind" : "remoteSourceControl",
      "location" : "https://github.com/konotori/LogPipe.git",
      "state" : {
        "revision" : "e4de9a294ebe74b6cff19e25e920729cb6edb90d",
        "version" : "1.0.0"
      }
    },
    {
      "identity" : "navistack",
      "kind" : "remoteSourceControl",
      "location" : "https://github.com/konotori/NaviStack.git",
      "state" : {
        "revision" : "2c35bc08dab5fad6923fbd7aed89e4acd72480ba",
        "version" : "1.0.0"
      }
    },
    {
      "identity" : "restkit",
      "kind" : "remoteSourceControl",
      "location" : "https://github.com/konotori/RESTKit.git",
      "state" : {
        "revision" : "d6d55047fd7f083cafdb0b5c422cb897a9257ca7",
        "version" : "1.0.0"
      }
    }
  ],
  "version" : 3
}
